{
    "hash": "8f96cfa593da99652779267d85590cd2",
    "packages": [
        {
            "package": "symfony/class-loader",
            "version": "v2.0.12"
        },
        {
            "package": "symfony/http-foundation",
            "version": "v2.0.14"
        }
    ],
    "packages-dev": null,
    "aliases": [

    ],
    "minimum-stability": "dev",
    "stability-flags": [

    ]
}
